{
  "version": 2,
  "dependencies": {
    "net10.0": {
      "AsyncFixer": {
        "type": "Direct",
        "requested": "[2.1.0, )",
        "resolved": "2.1.0",
        "contentHash": "OOHNlH7GF39qk0Pv4cIQWA99hUh3nujDgGE2nADPpw88lD7s2qwlxEhuJIBfstC8ng3B1yY6SQy2JW/tddlMAQ=="
      },
      "DotNetProjectFile.Analyzers": {
        "type": "Direct",
        "requested": "[1.9.0, )",
        "resolved": "1.9.0",
        "contentHash": "DdQiI4C+Z26EUPxIG9BYoBNDTUDiuX23F+LeC6HOsgaUApQsQr/xKtx7PSRCBpc4GT1wNiTNPYE7WOxbGnvUdw=="
      },
      "DotNetProjectFile.Analyzers.Sdk": {
        "type": "Direct",
        "requested": "[1.9.0, )",
        "resolved": "1.9.0",
        "contentHash": "sjjL6win17EbwpoY1WOMSfRHUeOwH2W30cklj/HX3kp+gjv/mOwYbkX+IPk+3d5qB+5UYSfp5708Koh7JAB/4g=="
      },
      "PolySharp": {
        "type": "Direct",
        "requested": "[1.15.0, )",
        "resolved": "1.15.0",
        "contentHash": "FbU0El+EEjdpuIX4iDbeS7ki1uzpJPx8vbqOzEtqnl1GZeAGJfq+jCbxeJL2y0EPnUNk8dRnnqR2xnYXg9Tf+g=="
      },
      "Qowaiv.Diagnostics.Contracts": {
        "type": "Direct",
        "requested": "[2.0.6, )",
        "resolved": "2.0.6",
        "contentHash": "baPTMJTai/ePdLJhdUEZ4uwtLIavyEBWEOBYazoPtl3bySy+jNa29YbCEpzIp5zaAUwpsXVCzBdR+95eh7Os6A=="
      },
      "SonarAnalyzer.CSharp": {
        "type": "Direct",
        "requested": "[10.19.0.132793, )",
        "resolved": "10.19.0.132793",
        "contentHash": "vDQSFE+KU5pXfVNzz4R4CA0ZGuLO35Sn+a7z2nyV9EM/nHsvl+WFGZ61Uk9eTdbhta1YXzqCMXB2B+6dn6ykVA=="
      }
    }
  }
}