Microsoft Visual Studio Solution File, Format Version 12.00
# Visual Studio Version 17
VisualStudioVersion = 17.1.32328.378
MinimumVisualStudioVersion = 15.0
Project("{2150E333-8FDC-42A3-9474-1A3956D46DE8}") = "specs", "specs", "{40C1E942-8DB1-4E58-8FB4-71F5EDA66029}"
EndProject
Project("{9A19103F-16F7-4668-BE54-9A1E7A4F7556}") = "Qowaiv.Validation.Abstractions", "src\Qowaiv.Validation.Abstractions\Qowaiv.Validation.Abstractions.csproj", "{71FE5C6E-2A11-468E-9E8F-AC4B3A780A33}"
EndProject
Project("{9A19103F-16F7-4668-BE54-9A1E7A4F7556}") = "Qowaiv.Validation.Fluent", "src\Qowaiv.Validation.Fluent\Qowaiv.Validation.Fluent.csproj", "{67DC037A-0782-4D36-9A5F-1116062E77E6}"
EndProject
Project("{9A19103F-16F7-4668-BE54-9A1E7A4F7556}") = "Qowaiv.Validation.DataAnnotations", "src\Qowaiv.Validation.DataAnnotations\Qowaiv.Validation.DataAnnotations.csproj", "{9F6C3C67-299E-4C60-B8E9-14A7B6B59627}"
EndProject
Project("{9A19103F-16F7-4668-BE54-9A1E7A4F7556}") = "Qowaiv.Validation.TestTools", "src\Qowaiv.Validation.TestTools\Qowaiv.Validation.TestTools.csproj", "{5E3985BF-DA26-4983-84C2-CFC3C423334F}"
EndProject
Project("{9A19103F-16F7-4668-BE54-9A1E7A4F7556}") = "Qowaiv.Validation.Messages", "src\Qowaiv.Validation.Messages\Qowaiv.Validation.Messages.csproj", "{885B894C-FA99-44F3-806C-6244A885E4CC}"
EndProject
Project("{9A19103F-16F7-4668-BE54-9A1E7A4F7556}") = "Qowaiv.Validation.Guarding", "src\Qowaiv.Validation.Guarding\Qowaiv.Validation.Guarding.csproj", "{B49C6DD5-FB26-4806-AD34-30035F06A0BF}"
EndProject
Project("{9A19103F-16F7-4668-BE54-9A1E7A4F7556}") = "Qowaiv.Validation.Specs", "specs\Qowaiv.Validation.Specs\Qowaiv.Validation.Specs.csproj", "{1FC5B4EB-46D8-49AA-963A-495CBD39807B}"
EndProject
Project("{9A19103F-16F7-4668-BE54-9A1E7A4F7556}") = "Qowaiv.Validation.Xml", "src\Qowaiv.Validation.Xml\Qowaiv.Validation.Xml.csproj", "{3DF5D2ED-87EE-4D3B-942E-789143777229}"
EndProject
Project("{FAE04EC0-301F-11D3-BF4B-00C04F79EFBC}") = ".net", ".net.csproj", "{3DEEF29D-13A3-4739-80CD-1A60BDEC30A1}"
EndProject
Project("{FAE04EC0-301F-11D3-BF4B-00C04F79EFBC}") = "Benchmarks", "specs\Benchmarks\Benchmarks.csproj", "{E206C651-BA32-4D38-8A6C-74D57A11BEE5}"
EndProject
Global
	GlobalSection(SolutionConfigurationPlatforms) = preSolution
		Debug|Any CPU = Debug|Any CPU
		Release|Any CPU = Release|Any CPU
	EndGlobalSection
	GlobalSection(ProjectConfigurationPlatforms) = postSolution
		{71FE5C6E-2A11-468E-9E8F-AC4B3A780A33}.Debug|Any CPU.ActiveCfg = Debug|Any CPU
		{71FE5C6E-2A11-468E-9E8F-AC4B3A780A33}.Debug|Any CPU.Build.0 = Debug|Any CPU
		{71FE5C6E-2A11-468E-9E8F-AC4B3A780A33}.Release|Any CPU.ActiveCfg = Release|Any CPU
		{71FE5C6E-2A11-468E-9E8F-AC4B3A780A33}.Release|Any CPU.Build.0 = Release|Any CPU
		{67DC037A-0782-4D36-9A5F-1116062E77E6}.Debug|Any CPU.ActiveCfg = Debug|Any CPU
		{67DC037A-0782-4D36-9A5F-1116062E77E6}.Debug|Any CPU.Build.0 = Debug|Any CPU
		{67DC037A-0782-4D36-9A5F-1116062E77E6}.Release|Any CPU.ActiveCfg = Release|Any CPU
		{67DC037A-0782-4D36-9A5F-1116062E77E6}.Release|Any CPU.Build.0 = Release|Any CPU
		{9F6C3C67-299E-4C60-B8E9-14A7B6B59627}.Debug|Any CPU.ActiveCfg = Debug|Any CPU
		{9F6C3C67-299E-4C60-B8E9-14A7B6B59627}.Debug|Any CPU.Build.0 = Debug|Any CPU
		{9F6C3C67-299E-4C60-B8E9-14A7B6B59627}.Release|Any CPU.ActiveCfg = Release|Any CPU
		{9F6C3C67-299E-4C60-B8E9-14A7B6B59627}.Release|Any CPU.Build.0 = Release|Any CPU
		{5E3985BF-DA26-4983-84C2-CFC3C423334F}.Debug|Any CPU.ActiveCfg = Debug|Any CPU
		{5E3985BF-DA26-4983-84C2-CFC3C423334F}.Debug|Any CPU.Build.0 = Debug|Any CPU
		{5E3985BF-DA26-4983-84C2-CFC3C423334F}.Release|Any CPU.ActiveCfg = Release|Any CPU
		{5E3985BF-DA26-4983-84C2-CFC3C423334F}.Release|Any CPU.Build.0 = Release|Any CPU
		{885B894C-FA99-44F3-806C-6244A885E4CC}.Debug|Any CPU.ActiveCfg = Debug|Any CPU
		{885B894C-FA99-44F3-806C-6244A885E4CC}.Debug|Any CPU.Build.0 = Debug|Any CPU
		{885B894C-FA99-44F3-806C-6244A885E4CC}.Release|Any CPU.ActiveCfg = Release|Any CPU
		{885B894C-FA99-44F3-806C-6244A885E4CC}.Release|Any CPU.Build.0 = Release|Any CPU
		{B49C6DD5-FB26-4806-AD34-30035F06A0BF}.Debug|Any CPU.ActiveCfg = Debug|Any CPU
		{B49C6DD5-FB26-4806-AD34-30035F06A0BF}.Debug|Any CPU.Build.0 = Debug|Any CPU
		{B49C6DD5-FB26-4806-AD34-30035F06A0BF}.Release|Any CPU.ActiveCfg = Release|Any CPU
		{B49C6DD5-FB26-4806-AD34-30035F06A0BF}.Release|Any CPU.Build.0 = Release|Any CPU
		{1FC5B4EB-46D8-49AA-963A-495CBD39807B}.Debug|Any CPU.ActiveCfg = Debug|Any CPU
		{1FC5B4EB-46D8-49AA-963A-495CBD39807B}.Debug|Any CPU.Build.0 = Debug|Any CPU
		{1FC5B4EB-46D8-49AA-963A-495CBD39807B}.Release|Any CPU.ActiveCfg = Release|Any CPU
		{1FC5B4EB-46D8-49AA-963A-495CBD39807B}.Release|Any CPU.Build.0 = Release|Any CPU
		{3DF5D2ED-87EE-4D3B-942E-789143777229}.Debug|Any CPU.ActiveCfg = Debug|Any CPU
		{3DF5D2ED-87EE-4D3B-942E-789143777229}.Debug|Any CPU.Build.0 = Debug|Any CPU
		{3DF5D2ED-87EE-4D3B-942E-789143777229}.Release|Any CPU.ActiveCfg = Release|Any CPU
		{3DF5D2ED-87EE-4D3B-942E-789143777229}.Release|Any CPU.Build.0 = Release|Any CPU
		{3DEEF29D-13A3-4739-80CD-1A60BDEC30A1}.Debug|Any CPU.ActiveCfg = Debug|Any CPU
		{3DEEF29D-13A3-4739-80CD-1A60BDEC30A1}.Debug|Any CPU.Build.0 = Debug|Any CPU
		{3DEEF29D-13A3-4739-80CD-1A60BDEC30A1}.Release|Any CPU.ActiveCfg = Release|Any CPU
		{3DEEF29D-13A3-4739-80CD-1A60BDEC30A1}.Release|Any CPU.Build.0 = Release|Any CPU
		{E206C651-BA32-4D38-8A6C-74D57A11BEE5}.Debug|Any CPU.ActiveCfg = Debug|Any CPU
		{E206C651-BA32-4D38-8A6C-74D57A11BEE5}.Debug|Any CPU.Build.0 = Debug|Any CPU
		{E206C651-BA32-4D38-8A6C-74D57A11BEE5}.Release|Any CPU.ActiveCfg = Release|Any CPU
		{E206C651-BA32-4D38-8A6C-74D57A11BEE5}.Release|Any CPU.Build.0 = Release|Any CPU
	EndGlobalSection
	GlobalSection(SolutionProperties) = preSolution
		HideSolutionNode = FALSE
	EndGlobalSection
	GlobalSection(NestedProjects) = preSolution
		{1FC5B4EB-46D8-49AA-963A-495CBD39807B} = {40C1E942-8DB1-4E58-8FB4-71F5EDA66029}
		{E206C651-BA32-4D38-8A6C-74D57A11BEE5} = {40C1E942-8DB1-4E58-8FB4-71F5EDA66029}
	EndGlobalSection
	GlobalSection(ExtensibilityGlobals) = postSolution
		SolutionGuid = {9B55A336-E2D3-4656-9840-D519B3E1159B}
	EndGlobalSection
EndGlobal
