<Solution>
  <Folder Name="/specs/">
    <Project Path="specs/Benchmarks/Benchmarks.csproj" />
    <Project Path="specs/Qowaiv.Validation.Specs/Qowaiv.Validation.Specs.csproj" />
    <Project Path="specs/Qowaiv.Validation.TestData/Qowaiv.Validation.TestData.csproj" Id="8ae26c79-aeb7-4625-b545-91bc412a176a" />
  </Folder>
  <Project Path=".net.csproj" />
  <Project Path="src/Qowaiv.Validation.Abstractions/Qowaiv.Validation.Abstractions.csproj" />
  <Project Path="src/Qowaiv.Validation.DataAnnotations/Qowaiv.Validation.DataAnnotations.csproj" />
  <Project Path="src/Qowaiv.Validation.Fluent/Qowaiv.Validation.Fluent.csproj" />
  <Project Path="src/Qowaiv.Validation.Guarding/Qowaiv.Validation.Guarding.csproj" />
  <Project Path="src/Qowaiv.Validation.Messages/Qowaiv.Validation.Messages.csproj" />
  <Project Path="src/Qowaiv.Validation.TestTools/Qowaiv.Validation.TestTools.csproj" />
  <Project Path="src/Qowaiv.Validation.Xml/Qowaiv.Validation.Xml.csproj" />
</Solution>
